{
  "requires": true,
  "lockfileVersion": 1,
  "dependencies": {
    "callapp-lib": {
      "version": "3.1.3",
      "resolved": "https://registry.npmjs.org/callapp-lib/-/callapp-lib-3.1.3.tgz",
      "integrity": "sha512-j30KdR1uQXoOEbBwdS5eYmP61XBYgOHvWMumfTaGWyvUYNJUMsYHfDnSb8qywqeE33b61GAHbenVznwuybAs3g=="
    },
    "qs-stringify": {
      "version": "1.2.1",
      "resolved": "https://registry.npmjs.org/qs-stringify/-/qs-stringify-1.2.1.tgz",
      "integrity": "sha512-2N5xGLGZUxpgAYq1fD1LmBSCbxQVsXYt5JU0nU3FuPWO8PlCnKNFQwXkZgyB6mrTdg7IbexX4wxIR403dJw9pw=="
    },
    "vconsole": {
      "version": "3.3.4",
      "resolved": "https://registry.npmjs.org/vconsole/-/vconsole-3.3.4.tgz",
      "integrity": "sha512-9yihsic96NPoMLQx/lCQwH9d89H0bbMW3LZPzo/t4yGQcS1X+vTCe9OHm1XSH7WNxzGDmcSwBiKLsFGwvJpQBg=="
    }
  }
}
